
Microsoft Visual Studio Solution File, Format Version 12.00
# Visual Studio Version 17
VisualStudioVersion = 17.0.31912.275
MinimumVisualStudioVersion = 10.0.40219.1
Project("{9A19103F-16F7-4668-BE54-9A1E7A4F7556}") = "my_multi_tenancy", "my_multi_tenancy\my_multi_tenancy.csproj", "{E513826F-29ED-4182-897E-1C4A48F5FAD1}"
EndProject
Project("{9A19103F-16F7-4668-BE54-9A1E7A4F7556}") = "Core", "Core\Core.csproj", "{AB4DDAB9-E504-4354-B874-FDC93E19AFB9}"
EndProject
Project("{9A19103F-16F7-4668-BE54-9A1E7A4F7556}") = "Core.EF", "Core.EF\Core.EF.csproj", "{473083D5-A8DA-48D6-8DEF-A9E2D9532B01}"
EndProject
Project("{9A19103F-16F7-4668-BE54-9A1E7A4F7556}") = "Infrastructure", "Infrastructure\Infrastructure.csproj", "{F031238A-4E6B-440E-BAC9-27E7A2645428}"
EndProject
Project("{9A19103F-16F7-4668-BE54-9A1E7A4F7556}") = "Services", "Services\Services.csproj", "{810CF8B8-4CB6-4453-8DBD-CFED8FD30E83}"
EndProject
Project("{2150E333-8FDC-42A3-9474-1A3956D46DE8}") = "ERP.Categories", "ERP.Categories", "{32F21887-9C6A-4EAD-B959-C6298A4F99BB}"
EndProject
Project("{9A19103F-16F7-4668-BE54-9A1E7A4F7556}") = "Category.API", "Category.API\Category.API.csproj", "{D50F957F-C91C-4C54-A711-E1DCA9AD5F32}"
EndProject
Project("{9A19103F-16F7-4668-BE54-9A1E7A4F7556}") = "Category.Core", "Category.Core\Category.Core.csproj", "{C9988C84-E422-49F0-91E7-1C8686048A26}"
EndProject
Project("{9A19103F-16F7-4668-BE54-9A1E7A4F7556}") = "Category.Service", "Category.Service\Category.Service.csproj", "{77FFD030-0143-4102-AB3D-2C371333E162}"
EndProject
Project("{2150E333-8FDC-42A3-9474-1A3956D46DE8}") = "TaskManagement", "TaskManagement", "{0064A23B-6696-4BF1-A5D1-2C6C2E8F7BAB}"
EndProject
Project("{9A19103F-16F7-4668-BE54-9A1E7A4F7556}") = "TM.API", "TM.API\TM.API.csproj", "{3183E921-9003-4E94-A573-0905BA135945}"
EndProject
Project("{9A19103F-16F7-4668-BE54-9A1E7A4F7556}") = "TM.Services", "TM.Services\TM.Services.csproj", "{E375099E-D399-4098-AA0F-4D7F5DB29C76}"
EndProject
Project("{FAE04EC0-301F-11D3-BF4B-00C04F79EFBC}") = "TM.Core", "TM.Core\TM.Core.csproj", "{78FF09B9-C3DE-467F-8573-6A57116AA763}"
EndProject
Global
	GlobalSection(SolutionConfigurationPlatforms) = preSolution
		Debug|Any CPU = Debug|Any CPU
		Release|Any CPU = Release|Any CPU
	EndGlobalSection
	GlobalSection(ProjectConfigurationPlatforms) = postSolution
		{E513826F-29ED-4182-897E-1C4A48F5FAD1}.Debug|Any CPU.ActiveCfg = Debug|Any CPU
		{E513826F-29ED-4182-897E-1C4A48F5FAD1}.Debug|Any CPU.Build.0 = Debug|Any CPU
		{E513826F-29ED-4182-897E-1C4A48F5FAD1}.Release|Any CPU.ActiveCfg = Release|Any CPU
		{E513826F-29ED-4182-897E-1C4A48F5FAD1}.Release|Any CPU.Build.0 = Release|Any CPU
		{AB4DDAB9-E504-4354-B874-FDC93E19AFB9}.Debug|Any CPU.ActiveCfg = Debug|Any CPU
		{AB4DDAB9-E504-4354-B874-FDC93E19AFB9}.Debug|Any CPU.Build.0 = Debug|Any CPU
		{AB4DDAB9-E504-4354-B874-FDC93E19AFB9}.Release|Any CPU.ActiveCfg = Release|Any CPU
		{AB4DDAB9-E504-4354-B874-FDC93E19AFB9}.Release|Any CPU.Build.0 = Release|Any CPU
		{473083D5-A8DA-48D6-8DEF-A9E2D9532B01}.Debug|Any CPU.ActiveCfg = Debug|Any CPU
		{473083D5-A8DA-48D6-8DEF-A9E2D9532B01}.Debug|Any CPU.Build.0 = Debug|Any CPU
		{473083D5-A8DA-48D6-8DEF-A9E2D9532B01}.Release|Any CPU.ActiveCfg = Release|Any CPU
		{473083D5-A8DA-48D6-8DEF-A9E2D9532B01}.Release|Any CPU.Build.0 = Release|Any CPU
		{F031238A-4E6B-440E-BAC9-27E7A2645428}.Debug|Any CPU.ActiveCfg = Debug|Any CPU
		{F031238A-4E6B-440E-BAC9-27E7A2645428}.Debug|Any CPU.Build.0 = Debug|Any CPU
		{F031238A-4E6B-440E-BAC9-27E7A2645428}.Release|Any CPU.ActiveCfg = Release|Any CPU
		{F031238A-4E6B-440E-BAC9-27E7A2645428}.Release|Any CPU.Build.0 = Release|Any CPU
		{810CF8B8-4CB6-4453-8DBD-CFED8FD30E83}.Debug|Any CPU.ActiveCfg = Debug|Any CPU
		{810CF8B8-4CB6-4453-8DBD-CFED8FD30E83}.Debug|Any CPU.Build.0 = Debug|Any CPU
		{810CF8B8-4CB6-4453-8DBD-CFED8FD30E83}.Release|Any CPU.ActiveCfg = Release|Any CPU
		{810CF8B8-4CB6-4453-8DBD-CFED8FD30E83}.Release|Any CPU.Build.0 = Release|Any CPU
		{D50F957F-C91C-4C54-A711-E1DCA9AD5F32}.Debug|Any CPU.ActiveCfg = Debug|Any CPU
		{D50F957F-C91C-4C54-A711-E1DCA9AD5F32}.Debug|Any CPU.Build.0 = Debug|Any CPU
		{D50F957F-C91C-4C54-A711-E1DCA9AD5F32}.Release|Any CPU.ActiveCfg = Release|Any CPU
		{D50F957F-C91C-4C54-A711-E1DCA9AD5F32}.Release|Any CPU.Build.0 = Release|Any CPU
		{C9988C84-E422-49F0-91E7-1C8686048A26}.Debug|Any CPU.ActiveCfg = Debug|Any CPU
		{C9988C84-E422-49F0-91E7-1C8686048A26}.Debug|Any CPU.Build.0 = Debug|Any CPU
		{C9988C84-E422-49F0-91E7-1C8686048A26}.Release|Any CPU.ActiveCfg = Release|Any CPU
		{C9988C84-E422-49F0-91E7-1C8686048A26}.Release|Any CPU.Build.0 = Release|Any CPU
		{77FFD030-0143-4102-AB3D-2C371333E162}.Debug|Any CPU.ActiveCfg = Debug|Any CPU
		{77FFD030-0143-4102-AB3D-2C371333E162}.Debug|Any CPU.Build.0 = Debug|Any CPU
		{77FFD030-0143-4102-AB3D-2C371333E162}.Release|Any CPU.ActiveCfg = Release|Any CPU
		{77FFD030-0143-4102-AB3D-2C371333E162}.Release|Any CPU.Build.0 = Release|Any CPU
		{3183E921-9003-4E94-A573-0905BA135945}.Debug|Any CPU.ActiveCfg = Debug|Any CPU
		{3183E921-9003-4E94-A573-0905BA135945}.Debug|Any CPU.Build.0 = Debug|Any CPU
		{3183E921-9003-4E94-A573-0905BA135945}.Release|Any CPU.ActiveCfg = Release|Any CPU
		{3183E921-9003-4E94-A573-0905BA135945}.Release|Any CPU.Build.0 = Release|Any CPU
		{E375099E-D399-4098-AA0F-4D7F5DB29C76}.Debug|Any CPU.ActiveCfg = Debug|Any CPU
		{E375099E-D399-4098-AA0F-4D7F5DB29C76}.Debug|Any CPU.Build.0 = Debug|Any CPU
		{E375099E-D399-4098-AA0F-4D7F5DB29C76}.Release|Any CPU.ActiveCfg = Release|Any CPU
		{E375099E-D399-4098-AA0F-4D7F5DB29C76}.Release|Any CPU.Build.0 = Release|Any CPU
		{78FF09B9-C3DE-467F-8573-6A57116AA763}.Debug|Any CPU.ActiveCfg = Debug|Any CPU
		{78FF09B9-C3DE-467F-8573-6A57116AA763}.Debug|Any CPU.Build.0 = Debug|Any CPU
		{78FF09B9-C3DE-467F-8573-6A57116AA763}.Release|Any CPU.ActiveCfg = Release|Any CPU
		{78FF09B9-C3DE-467F-8573-6A57116AA763}.Release|Any CPU.Build.0 = Release|Any CPU
	EndGlobalSection
	GlobalSection(SolutionProperties) = preSolution
		HideSolutionNode = FALSE
	EndGlobalSection
	GlobalSection(NestedProjects) = preSolution
		{D50F957F-C91C-4C54-A711-E1DCA9AD5F32} = {32F21887-9C6A-4EAD-B959-C6298A4F99BB}
		{C9988C84-E422-49F0-91E7-1C8686048A26} = {32F21887-9C6A-4EAD-B959-C6298A4F99BB}
		{77FFD030-0143-4102-AB3D-2C371333E162} = {32F21887-9C6A-4EAD-B959-C6298A4F99BB}
		{3183E921-9003-4E94-A573-0905BA135945} = {0064A23B-6696-4BF1-A5D1-2C6C2E8F7BAB}
		{E375099E-D399-4098-AA0F-4D7F5DB29C76} = {0064A23B-6696-4BF1-A5D1-2C6C2E8F7BAB}
		{78FF09B9-C3DE-467F-8573-6A57116AA763} = {0064A23B-6696-4BF1-A5D1-2C6C2E8F7BAB}
	EndGlobalSection
	GlobalSection(ExtensibilityGlobals) = postSolution
		SolutionGuid = {47BA164C-E358-4E0D-BFAD-CCF965A4B2D2}
	EndGlobalSection
EndGlobal
